
Microsoft Visual Studio Solution File, Format Version 12.00
Project("{FAE04EC0-301F-11D3-BF4B-00C04F79EFBC}") = "ConsoleApp1", "ConsoleApp1\ConsoleApp1.csproj", "{819194E2-DC5D-4A73-AA9C-65C2CB4F85F0}"
EndProject
Project("{FAE04EC0-301F-11D3-BF4B-00C04F79EFBC}") = "WebApplication1", "WebApplication1\WebApplication1.csproj", "{7E9D07A6-5D6F-416F-8C80-90DA523286FC}"
EndProject
Global
	GlobalSection(SolutionConfigurationPlatforms) = preSolution
		Debug|Any CPU = Debug|Any CPU
		Release|Any CPU = Release|Any CPU
	EndGlobalSection
	GlobalSection(ProjectConfigurationPlatforms) = postSolution
		{819194E2-DC5D-4A73-AA9C-65C2CB4F85F0}.Debug|Any CPU.ActiveCfg = Debug|Any CPU
		{819194E2-DC5D-4A73-AA9C-65C2CB4F85F0}.Debug|Any CPU.Build.0 = Debug|Any CPU
		{819194E2-DC5D-4A73-AA9C-65C2CB4F85F0}.Release|Any CPU.ActiveCfg = Release|Any CPU
		{819194E2-DC5D-4A73-AA9C-65C2CB4F85F0}.Release|Any CPU.Build.0 = Release|Any CPU
		{7E9D07A6-5D6F-416F-8C80-90DA523286FC}.Debug|Any CPU.ActiveCfg = Debug|Any CPU
		{7E9D07A6-5D6F-416F-8C80-90DA523286FC}.Debug|Any CPU.Build.0 = Debug|Any CPU
		{7E9D07A6-5D6F-416F-8C80-90DA523286FC}.Release|Any CPU.ActiveCfg = Release|Any CPU
		{7E9D07A6-5D6F-416F-8C80-90DA523286FC}.Release|Any CPU.Build.0 = Release|Any CPU
	EndGlobalSection
EndGlobal
